
Microsoft Visual Studio Solution File, Format Version 12.00
# Visual Studio 2012
Project("{FAE04EC0-301F-11D3-BF4B-00C04F79EFBC}") = "LabUtility", "LabUtility\LabUtility.csproj", "{7469A1C2-FEBD-4507-8E6A-82F3117F059F}"
EndProject
Project("{FAE04EC0-301F-11D3-BF4B-00C04F79EFBC}") = "Lab2.1", "Lab2.1\Lab2.1.csproj", "{A4DB3A6A-7959-4517-844B-4D00AE09436C}"
EndProject
Project("{FAE04EC0-301F-11D3-BF4B-00C04F79EFBC}") = "Lab2.2", "Lab2.2\Lab2.2.csproj", "{E3C27850-37CC-49BB-AEFD-B002A7D11AC8}"
EndProject
Project("{FAE04EC0-301F-11D3-BF4B-00C04F79EFBC}") = "Lab3.1", "Lab3.1\Lab3.1.csproj", "{C3DADD74-F8B6-4EA5-81F5-7C2A77CC7604}"
EndProject
Project("{FAE04EC0-301F-11D3-BF4B-00C04F79EFBC}") = "Lab4.1", "Lab4.1\Lab4.1.csproj", "{584AE9D8-3797-4F56-A614-9DEBBC1C9653}"
EndProject
Project("{FAE04EC0-301F-11D3-BF4B-00C04F79EFBC}") = "Lab5.1", "Lab5.1\Lab5.1.csproj", "{304ECE55-EA44-4E47-AD10-EB313DD9EC92}"
EndProject
Global
	GlobalSection(SolutionConfigurationPlatforms) = preSolution
		Debug|Any CPU = Debug|Any CPU
		Release|Any CPU = Release|Any CPU
	EndGlobalSection
	GlobalSection(ProjectConfigurationPlatforms) = postSolution
		{7469A1C2-FEBD-4507-8E6A-82F3117F059F}.Debug|Any CPU.ActiveCfg = Debug|Any CPU
		{7469A1C2-FEBD-4507-8E6A-82F3117F059F}.Debug|Any CPU.Build.0 = Debug|Any CPU
		{7469A1C2-FEBD-4507-8E6A-82F3117F059F}.Release|Any CPU.ActiveCfg = Release|Any CPU
		{7469A1C2-FEBD-4507-8E6A-82F3117F059F}.Release|Any CPU.Build.0 = Release|Any CPU
		{A4DB3A6A-7959-4517-844B-4D00AE09436C}.Debug|Any CPU.ActiveCfg = Debug|Any CPU
		{A4DB3A6A-7959-4517-844B-4D00AE09436C}.Debug|Any CPU.Build.0 = Debug|Any CPU
		{A4DB3A6A-7959-4517-844B-4D00AE09436C}.Release|Any CPU.ActiveCfg = Release|Any CPU
		{A4DB3A6A-7959-4517-844B-4D00AE09436C}.Release|Any CPU.Build.0 = Release|Any CPU
		{E3C27850-37CC-49BB-AEFD-B002A7D11AC8}.Debug|Any CPU.ActiveCfg = Debug|Any CPU
		{E3C27850-37CC-49BB-AEFD-B002A7D11AC8}.Debug|Any CPU.Build.0 = Debug|Any CPU
		{E3C27850-37CC-49BB-AEFD-B002A7D11AC8}.Release|Any CPU.ActiveCfg = Release|Any CPU
		{E3C27850-37CC-49BB-AEFD-B002A7D11AC8}.Release|Any CPU.Build.0 = Release|Any CPU
		{C3DADD74-F8B6-4EA5-81F5-7C2A77CC7604}.Debug|Any CPU.ActiveCfg = Debug|Any CPU
		{C3DADD74-F8B6-4EA5-81F5-7C2A77CC7604}.Debug|Any CPU.Build.0 = Debug|Any CPU
		{C3DADD74-F8B6-4EA5-81F5-7C2A77CC7604}.Release|Any CPU.ActiveCfg = Release|Any CPU
		{C3DADD74-F8B6-4EA5-81F5-7C2A77CC7604}.Release|Any CPU.Build.0 = Release|Any CPU
		{584AE9D8-3797-4F56-A614-9DEBBC1C9653}.Debug|Any CPU.ActiveCfg = Debug|Any CPU
		{584AE9D8-3797-4F56-A614-9DEBBC1C9653}.Debug|Any CPU.Build.0 = Debug|Any CPU
		{584AE9D8-3797-4F56-A614-9DEBBC1C9653}.Release|Any CPU.ActiveCfg = Release|Any CPU
		{584AE9D8-3797-4F56-A614-9DEBBC1C9653}.Release|Any CPU.Build.0 = Release|Any CPU
		{304ECE55-EA44-4E47-AD10-EB313DD9EC92}.Debug|Any CPU.ActiveCfg = Debug|Any CPU
		{304ECE55-EA44-4E47-AD10-EB313DD9EC92}.Debug|Any CPU.Build.0 = Debug|Any CPU
		{304ECE55-EA44-4E47-AD10-EB313DD9EC92}.Release|Any CPU.ActiveCfg = Release|Any CPU
		{304ECE55-EA44-4E47-AD10-EB313DD9EC92}.Release|Any CPU.Build.0 = Release|Any CPU
	EndGlobalSection
	GlobalSection(SolutionProperties) = preSolution
		HideSolutionNode = FALSE
	EndGlobalSection
EndGlobal
